
Microsoft Visual Studio Solution File, Format Version 12.00
# Visual Studio 15
VisualStudioVersion = 15.0.28010.0
MinimumVisualStudioVersion = 10.0.40219.1
Project("{8BC9CEB8-8B4A-11D0-8D11-00A0C91BC942}") = "Januar2019", "Januar2019\Januar2019.vcxproj", "{182C15E7-026C-4005-A908-176434824B8D}"
EndProject
Project("{8BC9CEB8-8B4A-11D0-8D11-00A0C91BC942}") = "Fajlovi", "Fajlovi\Fajlovi.vcxproj", "{BE5C6528-2E11-49F3-9E18-DCFD12163704}"
EndProject
Project("{8BC9CEB8-8B4A-11D0-8D11-00A0C91BC942}") = "Strukture i Liste", "Strukture i Liste\Strukture i Liste.vcxproj", "{ACAC958E-0D63-4BFA-B20A-7FF5CFB38C93}"
EndProject
Project("{8BC9CEB8-8B4A-11D0-8D11-00A0C91BC942}") = "Januar2018", "Januar2018\Januar2018.vcxproj", "{2F5EF1FD-3AE5-46DA-8374-05919CEFD16E}"
EndProject
Project("{8BC9CEB8-8B4A-11D0-8D11-00A0C91BC942}") = "Septembar2018", "Septembar2018\Septembar2018.vcxproj", "{9137239A-00A0-46E6-A323-FD622DB072D0}"
EndProject
Project("{8BC9CEB8-8B4A-11D0-8D11-00A0C91BC942}") = "DomaciZad", "DomaciZad\DomaciZad.vcxproj", "{F63B1209-4846-46C9-9290-86183B42A0EB}"
EndProject
Project("{8BC9CEB8-8B4A-11D0-8D11-00A0C91BC942}") = "Februar2018", "Februar2018\Februar2018.vcxproj", "{E98644F2-35BC-43FA-A13C-99B202E32C05}"
EndProject
Project("{8BC9CEB8-8B4A-11D0-8D11-00A0C91BC942}") = "Predrok2018", "Predrok2018\Predrok2018.vcxproj", "{21A438DB-FF36-4EF6-984B-A41C78B258D3}"
EndProject
Project("{8BC9CEB8-8B4A-11D0-8D11-00A0C91BC942}") = "Jul2018", "Jul2018\Jul2018.vcxproj", "{AD3D5CFD-C4CE-41EA-AE78-B68B5E4821AE}"
EndProject
Project("{8BC9CEB8-8B4A-11D0-8D11-00A0C91BC942}") = "Jun2018", "Jun2018\Jun2018.vcxproj", "{2229DC74-E93A-43BE-8230-84AE2455B357}"
EndProject
Project("{8BC9CEB8-8B4A-11D0-8D11-00A0C91BC942}") = "Jun2017", "Jun2017\Jun2017.vcxproj", "{9A8CCC68-548E-455D-85C5-D94F73EEBC6E}"
EndProject
Project("{8BC9CEB8-8B4A-11D0-8D11-00A0C91BC942}") = "PomoziBoze", "PomoziBoze\PomoziBoze.vcxproj", "{46DCE8EB-89BF-4641-BD7A-5A3E42E2BF23}"
EndProject
Global
	GlobalSection(SolutionConfigurationPlatforms) = preSolution
		Debug|x64 = Debug|x64
		Debug|x86 = Debug|x86
		Release|x64 = Release|x64
		Release|x86 = Release|x86
	EndGlobalSection
	GlobalSection(ProjectConfigurationPlatforms) = postSolution
		{182C15E7-026C-4005-A908-176434824B8D}.Debug|x64.ActiveCfg = Debug|x64
		{182C15E7-026C-4005-A908-176434824B8D}.Debug|x64.Build.0 = Debug|x64
		{182C15E7-026C-4005-A908-176434824B8D}.Debug|x86.ActiveCfg = Debug|Win32
		{182C15E7-026C-4005-A908-176434824B8D}.Debug|x86.Build.0 = Debug|Win32
		{182C15E7-026C-4005-A908-176434824B8D}.Release|x64.ActiveCfg = Release|x64
		{182C15E7-026C-4005-A908-176434824B8D}.Release|x64.Build.0 = Release|x64
		{182C15E7-026C-4005-A908-176434824B8D}.Release|x86.ActiveCfg = Release|Win32
		{182C15E7-026C-4005-A908-176434824B8D}.Release|x86.Build.0 = Release|Win32
		{BE5C6528-2E11-49F3-9E18-DCFD12163704}.Debug|x64.ActiveCfg = Debug|x64
		{BE5C6528-2E11-49F3-9E18-DCFD12163704}.Debug|x64.Build.0 = Debug|x64
		{BE5C6528-2E11-49F3-9E18-DCFD12163704}.Debug|x86.ActiveCfg = Debug|Win32
		{BE5C6528-2E11-49F3-9E18-DCFD12163704}.Debug|x86.Build.0 = Debug|Win32
		{BE5C6528-2E11-49F3-9E18-DCFD12163704}.Release|x64.ActiveCfg = Release|x64
		{BE5C6528-2E11-49F3-9E18-DCFD12163704}.Release|x64.Build.0 = Release|x64
		{BE5C6528-2E11-49F3-9E18-DCFD12163704}.Release|x86.ActiveCfg = Release|Win32
		{BE5C6528-2E11-49F3-9E18-DCFD12163704}.Release|x86.Build.0 = Release|Win32
		{ACAC958E-0D63-4BFA-B20A-7FF5CFB38C93}.Debug|x64.ActiveCfg = Debug|x64
		{ACAC958E-0D63-4BFA-B20A-7FF5CFB38C93}.Debug|x64.Build.0 = Debug|x64
		{ACAC958E-0D63-4BFA-B20A-7FF5CFB38C93}.Debug|x86.ActiveCfg = Debug|Win32
		{ACAC958E-0D63-4BFA-B20A-7FF5CFB38C93}.Debug|x86.Build.0 = Debug|Win32
		{ACAC958E-0D63-4BFA-B20A-7FF5CFB38C93}.Release|x64.ActiveCfg = Release|x64
		{ACAC958E-0D63-4BFA-B20A-7FF5CFB38C93}.Release|x64.Build.0 = Release|x64
		{ACAC958E-0D63-4BFA-B20A-7FF5CFB38C93}.Release|x86.ActiveCfg = Release|Win32
		{ACAC958E-0D63-4BFA-B20A-7FF5CFB38C93}.Release|x86.Build.0 = Release|Win32
		{2F5EF1FD-3AE5-46DA-8374-05919CEFD16E}.Debug|x64.ActiveCfg = Debug|x64
		{2F5EF1FD-3AE5-46DA-8374-05919CEFD16E}.Debug|x64.Build.0 = Debug|x64
		{2F5EF1FD-3AE5-46DA-8374-05919CEFD16E}.Debug|x86.ActiveCfg = Debug|Win32
		{2F5EF1FD-3AE5-46DA-8374-05919CEFD16E}.Debug|x86.Build.0 = Debug|Win32
		{2F5EF1FD-3AE5-46DA-8374-05919CEFD16E}.Release|x64.ActiveCfg = Release|x64
		{2F5EF1FD-3AE5-46DA-8374-05919CEFD16E}.Release|x64.Build.0 = Release|x64
		{2F5EF1FD-3AE5-46DA-8374-05919CEFD16E}.Release|x86.ActiveCfg = Release|Win32
		{2F5EF1FD-3AE5-46DA-8374-05919CEFD16E}.Release|x86.Build.0 = Release|Win32
		{9137239A-00A0-46E6-A323-FD622DB072D0}.Debug|x64.ActiveCfg = Debug|x64
		{9137239A-00A0-46E6-A323-FD622DB072D0}.Debug|x64.Build.0 = Debug|x64
		{9137239A-00A0-46E6-A323-FD622DB072D0}.Debug|x86.ActiveCfg = Debug|Win32
		{9137239A-00A0-46E6-A323-FD622DB072D0}.Debug|x86.Build.0 = Debug|Win32
		{9137239A-00A0-46E6-A323-FD622DB072D0}.Release|x64.ActiveCfg = Release|x64
		{9137239A-00A0-46E6-A323-FD622DB072D0}.Release|x64.Build.0 = Release|x64
		{9137239A-00A0-46E6-A323-FD622DB072D0}.Release|x86.ActiveCfg = Release|Win32
		{9137239A-00A0-46E6-A323-FD622DB072D0}.Release|x86.Build.0 = Release|Win32
		{F63B1209-4846-46C9-9290-86183B42A0EB}.Debug|x64.ActiveCfg = Debug|x64
		{F63B1209-4846-46C9-9290-86183B42A0EB}.Debug|x64.Build.0 = Debug|x64
		{F63B1209-4846-46C9-9290-86183B42A0EB}.Debug|x86.ActiveCfg = Debug|Win32
		{F63B1209-4846-46C9-9290-86183B42A0EB}.Debug|x86.Build.0 = Debug|Win32
		{F63B1209-4846-46C9-9290-86183B42A0EB}.Release|x64.ActiveCfg = Release|x64
		{F63B1209-4846-46C9-9290-86183B42A0EB}.Release|x64.Build.0 = Release|x64
		{F63B1209-4846-46C9-9290-86183B42A0EB}.Release|x86.ActiveCfg = Release|Win32
		{F63B1209-4846-46C9-9290-86183B42A0EB}.Release|x86.Build.0 = Release|Win32
		{E98644F2-35BC-43FA-A13C-99B202E32C05}.Debug|x64.ActiveCfg = Debug|x64
		{E98644F2-35BC-43FA-A13C-99B202E32C05}.Debug|x64.Build.0 = Debug|x64
		{E98644F2-35BC-43FA-A13C-99B202E32C05}.Debug|x86.ActiveCfg = Debug|Win32
		{E98644F2-35BC-43FA-A13C-99B202E32C05}.Debug|x86.Build.0 = Debug|Win32
		{E98644F2-35BC-43FA-A13C-99B202E32C05}.Release|x64.ActiveCfg = Release|x64
		{E98644F2-35BC-43FA-A13C-99B202E32C05}.Release|x64.Build.0 = Release|x64
		{E98644F2-35BC-43FA-A13C-99B202E32C05}.Release|x86.ActiveCfg = Release|Win32
		{E98644F2-35BC-43FA-A13C-99B202E32C05}.Release|x86.Build.0 = Release|Win32
		{21A438DB-FF36-4EF6-984B-A41C78B258D3}.Debug|x64.ActiveCfg = Debug|x64
		{21A438DB-FF36-4EF6-984B-A41C78B258D3}.Debug|x64.Build.0 = Debug|x64
		{21A438DB-FF36-4EF6-984B-A41C78B258D3}.Debug|x86.ActiveCfg = Debug|Win32
		{21A438DB-FF36-4EF6-984B-A41C78B258D3}.Debug|x86.Build.0 = Debug|Win32
		{21A438DB-FF36-4EF6-984B-A41C78B258D3}.Release|x64.ActiveCfg = Release|x64
		{21A438DB-FF36-4EF6-984B-A41C78B258D3}.Release|x64.Build.0 = Release|x64
		{21A438DB-FF36-4EF6-984B-A41C78B258D3}.Release|x86.ActiveCfg = Release|Win32
		{21A438DB-FF36-4EF6-984B-A41C78B258D3}.Release|x86.Build.0 = Release|Win32
		{AD3D5CFD-C4CE-41EA-AE78-B68B5E4821AE}.Debug|x64.ActiveCfg = Debug|x64
		{AD3D5CFD-C4CE-41EA-AE78-B68B5E4821AE}.Debug|x64.Build.0 = Debug|x64
		{AD3D5CFD-C4CE-41EA-AE78-B68B5E4821AE}.Debug|x86.ActiveCfg = Debug|Win32
		{AD3D5CFD-C4CE-41EA-AE78-B68B5E4821AE}.Debug|x86.Build.0 = Debug|Win32
		{AD3D5CFD-C4CE-41EA-AE78-B68B5E4821AE}.Release|x64.ActiveCfg = Release|x64
		{AD3D5CFD-C4CE-41EA-AE78-B68B5E4821AE}.Release|x64.Build.0 = Release|x64
		{AD3D5CFD-C4CE-41EA-AE78-B68B5E4821AE}.Release|x86.ActiveCfg = Release|Win32
		{AD3D5CFD-C4CE-41EA-AE78-B68B5E4821AE}.Release|x86.Build.0 = Release|Win32
		{2229DC74-E93A-43BE-8230-84AE2455B357}.Debug|x64.ActiveCfg = Debug|x64
		{2229DC74-E93A-43BE-8230-84AE2455B357}.Debug|x64.Build.0 = Debug|x64
		{2229DC74-E93A-43BE-8230-84AE2455B357}.Debug|x86.ActiveCfg = Debug|Win32
		{2229DC74-E93A-43BE-8230-84AE2455B357}.Debug|x86.Build.0 = Debug|Win32
		{2229DC74-E93A-43BE-8230-84AE2455B357}.Release|x64.ActiveCfg = Release|x64
		{2229DC74-E93A-43BE-8230-84AE2455B357}.Release|x64.Build.0 = Release|x64
		{2229DC74-E93A-43BE-8230-84AE2455B357}.Release|x86.ActiveCfg = Release|Win32
		{2229DC74-E93A-43BE-8230-84AE2455B357}.Release|x86.Build.0 = Release|Win32
		{9A8CCC68-548E-455D-85C5-D94F73EEBC6E}.Debug|x64.ActiveCfg = Debug|x64
		{9A8CCC68-548E-455D-85C5-D94F73EEBC6E}.Debug|x64.Build.0 = Debug|x64
		{9A8CCC68-548E-455D-85C5-D94F73EEBC6E}.Debug|x86.ActiveCfg = Debug|Win32
		{9A8CCC68-548E-455D-85C5-D94F73EEBC6E}.Debug|x86.Build.0 = Debug|Win32
		{9A8CCC68-548E-455D-85C5-D94F73EEBC6E}.Release|x64.ActiveCfg = Release|x64
		{9A8CCC68-548E-455D-85C5-D94F73EEBC6E}.Release|x64.Build.0 = Release|x64
		{9A8CCC68-548E-455D-85C5-D94F73EEBC6E}.Release|x86.ActiveCfg = Release|Win32
		{9A8CCC68-548E-455D-85C5-D94F73EEBC6E}.Release|x86.Build.0 = Release|Win32
		{46DCE8EB-89BF-4641-BD7A-5A3E42E2BF23}.Debug|x64.ActiveCfg = Debug|x64
		{46DCE8EB-89BF-4641-BD7A-5A3E42E2BF23}.Debug|x64.Build.0 = Debug|x64
		{46DCE8EB-89BF-4641-BD7A-5A3E42E2BF23}.Debug|x86.ActiveCfg = Debug|Win32
		{46DCE8EB-89BF-4641-BD7A-5A3E42E2BF23}.Debug|x86.Build.0 = Debug|Win32
		{46DCE8EB-89BF-4641-BD7A-5A3E42E2BF23}.Release|x64.ActiveCfg = Release|x64
		{46DCE8EB-89BF-4641-BD7A-5A3E42E2BF23}.Release|x64.Build.0 = Release|x64
		{46DCE8EB-89BF-4641-BD7A-5A3E42E2BF23}.Release|x86.ActiveCfg = Release|Win32
		{46DCE8EB-89BF-4641-BD7A-5A3E42E2BF23}.Release|x86.Build.0 = Release|Win32
	EndGlobalSection
	GlobalSection(SolutionProperties) = preSolution
		HideSolutionNode = FALSE
	EndGlobalSection
	GlobalSection(ExtensibilityGlobals) = postSolution
		SolutionGuid = {CB60F651-48C8-4503-8C3F-CE9BE37C733D}
	EndGlobalSection
EndGlobal
